
Microsoft Visual Studio Solution File, Format Version 12.00
# Visual Studio Version 17
VisualStudioVersion = 17.12.35707.178 d17.12
MinimumVisualStudioVersion = 10.0.40219.1
Project("{FAE04EC0-301F-11D3-BF4B-00C04F79EFBC}") = "TEST.WEB.API", "TEST.WEB.API\TEST.WEB.API.csproj", "{DBCB701F-4E55-4957-AC05-8E1D2E510254}"
EndProject
Global
	GlobalSection(SolutionConfigurationPlatforms) = preSolution
		Debug|Any CPU = Debug|Any CPU
		Release|Any CPU = Release|Any CPU
	EndGlobalSection
	GlobalSection(ProjectConfigurationPlatforms) = postSolution
		{DBCB701F-4E55-4957-AC05-8E1D2E510254}.Debug|Any CPU.ActiveCfg = Debug|Any CPU
		{DBCB701F-4E55-4957-AC05-8E1D2E510254}.Debug|Any CPU.Build.0 = Debug|Any CPU
		{DBCB701F-4E55-4957-AC05-8E1D2E510254}.Release|Any CPU.ActiveCfg = Release|Any CPU
		{DBCB701F-4E55-4957-AC05-8E1D2E510254}.Release|Any CPU.Build.0 = Release|Any CPU
	EndGlobalSection
	GlobalSection(SolutionProperties) = preSolution
		HideSolutionNode = FALSE
	EndGlobalSection
EndGlobal
